{
  "pins" : [
    {
      "identity" : "maps-native-distribution",
      "kind" : "remoteSourceControl",
      "location" : "https://github.com/nextbillion-ai/maps-native-distribution",
      "state" : {
        "revision" : "bc433203b09fb8e4e44e2a16dd15fae6ec0f7d1a",
        "version" : "2.1.7"
      }
    }
  ],
  "version" : 2
}
